// !$*UTF8*$!
{
	archiveVersion = 1;
	classes = {
	};
	objectVersion = 51;
	objects = {

/* Begin PBXBuildFile section */
		22AA204AA89C1BCD982D9E74 /* Pods_Mars_Weather.framework in Frameworks */ = {isa = PBXBuildFile; fileRef = 030ACAB4E5B71426BCDB241C /* Pods_Mars_Weather.framework */; };
		A24610AB249CE01900C7A23A /* AppDelegate.swift in Sources */ = {isa = PBXBuildFile; fileRef = A24610AA249CE01900C7A23A /* AppDelegate.swift */; };
		A24610AD249CE01900C7A23A /* SceneDelegate.swift in Sources */ = {isa = PBXBuildFile; fileRef = A24610AC249CE01900C7A23A /* SceneDelegate.swift */; };
		A24610AF249CE01900C7A23A /* ViewController.swift in Sources */ = {isa = PBXBuildFile; fileRef = A24610AE249CE01900C7A23A /* ViewController.swift */; };
		A24610B2249CE01900C7A23A /* Main.storyboard in Resources */ = {isa = PBXBuildFile; fileRef = A24610B0249CE01900C7A23A /* Main.storyboard */; };
		A24610B4249CE01D00C7A23A /* Assets.xcassets in Resources */ = {isa = PBXBuildFile; fileRef = A24610B3249CE01D00C7A23A /* Assets.xcassets */; };
		A24610B7249CE01D00C7A23A /* LaunchScreen.storyboard in Resources */ = {isa = PBXBuildFile; fileRef = A24610B5249CE01D00C7A23A /* LaunchScreen.storyboard */; };
		A28DAA5F24BD660100A87609 /* ForecastViewController.swift in Sources */ = {isa = PBXBuildFile; fileRef = A28DAA5E24BD660100A87609 /* ForecastViewController.swift */; };
/* End PBXBuildFile section */

/* Begin PBXFileReference section */
		030ACAB4E5B71426BCDB241C /* Pods_Mars_Weather.framework */ = {isa = PBXFileReference; explicitFileType = wrapper.framework; includeInIndex = 0; path = Pods_Mars_Weather.framework; sourceTree = BUILT_PRODUCTS_DIR; };
		63272486F191A709BDC847DF /* Pods-Mars Weather.debug.xcconfig */ = {isa = PBXFileReference; includeInIndex = 1; lastKnownFileType = text.xcconfig; name = "Pods-Mars Weather.debug.xcconfig"; path = "Target Support Files/Pods-Mars Weather/Pods-Mars Weather.debug.xcconfig"; sourceTree = "<group>"; };
		A24610A7249CE01900C7A23A /* Mars Weather.app */ = {isa = PBXFileReference; explicitFileType = wrapper.application; includeInIndex = 0; path = "Mars Weather.app"; sourceTree = BUILT_PRODUCTS_DIR; };
		A24610AA249CE01900C7A23A /* AppDelegate.swift */ = {isa = PBXFileReference; lastKnownFileType = sourcecode.swift; path = AppDelegate.swift; sourceTree = "<group>"; };
		A24610AC249CE01900C7A23A /* SceneDelegate.swift */ = {isa = PBXFileReference; lastKnownFileType = sourcecode.swift; path = SceneDelegate.swift; sourceTree = "<group>"; };
		A24610AE249CE01900C7A23A /* ViewController.swift */ = {isa = PBXFileReference; lastKnownFileType = sourcecode.swift; path = ViewController.swift; sourceTree = "<group>"; };
		A24610B1249CE01900C7A23A /* Base */ = {isa = PBXFileReference; lastKnownFileType = file.storyboard; name = Base; path = Base.lproj/Main.storyboard; sourceTree = "<group>"; };
		A24610B3249CE01D00C7A23A /* Assets.xcassets */ = {isa = PBXFileReference; lastKnownFileType = folder.assetcatalog; path = Assets.xcassets; sourceTree = "<group>"; };
		A24610B6249CE01D00C7A23A /* Base */ = {isa = PBXFileReference; lastKnownFileType = file.storyboard; name = Base; path = Base.lproj/LaunchScreen.storyboard; sourceTree = "<group>"; };
		A24610B8249CE01D00C7A23A /* Info.plist */ = {isa = PBXFileReference; lastKnownFileType = text.plist.xml; path = Info.plist; sourceTree = "<group>"; };
		A28DAA5E24BD660100A87609 /* ForecastViewController.swift */ = {isa = PBXFileReference; lastKnownFileType = sourcecode.swift; path = ForecastViewController.swift; sourceTree = "<group>"; };
		E7F750C376D24BB1FDEB6D3A /* Pods-Mars Weather.release.xcconfig */ = {isa = PBXFileReference; includeInIndex = 1; lastKnownFileType = text.xcconfig; name = "Pods-Mars Weather.release.xcconfig"; path = "Target Support Files/Pods-Mars Weather/Pods-Mars Weather.release.xcconfig"; sourceTree = "<group>"; };
/* End PBXFileReference section */

/* Begin PBXFrameworksBuildPhase section */
		A24610A4249CE01900C7A23A /* Frameworks */ = {
			isa = PBXFrameworksBuildPhase;
			buildActionMask = 2147483647;
			files = (
				22AA204AA89C1BCD982D9E74 /* Pods_Mars_Weather.framework in Frameworks */,
			);
			runOnlyForDeploymentPostprocessing = 0;
		};
/* End PBXFrameworksBuildPhase section */

/* Begin PBXGroup section */
		3D1F0ACC919D8B0395F7FC8D /* Pods */ = {
			isa = PBXGroup;
			children = (
				63272486F191A709BDC847DF /* Pods-Mars Weather.debug.xcconfig */,
				E7F750C376D24BB1FDEB6D3A /* Pods-Mars Weather.release.xcconfig */,
			);
			path = Pods;
			sourceTree = "<group>";
		};
		4170B27C649203637E8B2F38 /* Frameworks */ = {
			isa = PBXGroup;
			children = (
				030ACAB4E5B71426BCDB241C /* Pods_Mars_Weather.framework */,
			);
			name = Frameworks;
			sourceTree = "<group>";
		};
		A246109E249CE01900C7A23A = {
			isa = PBXGroup;
			children = (
				A24610A9249CE01900C7A23A /* Mars Weather */,
				A24610A8249CE01900C7A23A /* Products */,
				3D1F0ACC919D8B0395F7FC8D /* Pods */,
				4170B27C649203637E8B2F38 /* Frameworks */,
			);
			sourceTree = "<group>";
		};
		A24610A8249CE01900C7A23A /* Products */ = {
			isa = PBXGroup;
			children = (
				A24610A7249CE01900C7A23A /* Mars Weather.app */,
			);
			name = Products;
			sourceTree = "<group>";
		};
		A24610A9249CE01900C7A23A /* Mars Weather */ = {
			isa = PBXGroup;
			children = (
				A24610AA249CE01900C7A23A /* AppDelegate.swift */,
				A24610AC249CE01900C7A23A /* SceneDelegate.swift */,
				A24610AE249CE01900C7A23A /* ViewController.swift */,
				A24610B0249CE01900C7A23A /* Main.storyboard */,
				A24610B3249CE01D00C7A23A /* Assets.xcassets */,
				A24610B5249CE01D00C7A23A /* LaunchScreen.storyboard */,
				A24610B8249CE01D00C7A23A /* Info.plist */,
				A28DAA5E24BD660100A87609 /* ForecastViewController.swift */,
			);
			path = "Mars Weather";
			sourceTree = "<group>";
		};
/* End PBXGroup section */

/* Begin PBXNativeTarget section */
		A24610A6249CE01900C7A23A /* Mars Weather */ = {
			isa = PBXNativeTarget;
			buildConfigurationList = A24610BB249CE01D00C7A23A /* Build configuration list for PBXNativeTarget "Mars Weather" */;
			buildPhases = (
				56D0FFB4EDC0C2C5F0953BC4 /* [CP] Check Pods Manifest.lock */,
				A24610A3249CE01900C7A23A /* Sources */,
				A24610A4249CE01900C7A23A /* Frameworks */,
				A24610A5249CE01900C7A23A /* Resources */,
				0C573339E78CC71E58DEC0A8 /* [CP] Embed Pods Frameworks */,
			);
			buildRules = (
			);
			dependencies = (
			);
			name = "Mars Weather";
			productName = "Mars Weather";
			productReference = A24610A7249CE01900C7A23A /* Mars Weather.app */;
			productType = "com.apple.product-type.application";
		};
/* End PBXNativeTarget section */

/* Begin PBXProject section */
		A246109F249CE01900C7A23A /* Project object */ = {
			isa = PBXProject;
			attributes = {
				LastSwiftUpdateCheck = 1150;
				LastUpgradeCheck = 1150;
				ORGANIZATIONNAME = "Luke Gerschwitz";
				TargetAttributes = {
					A24610A6249CE01900C7A23A = {
						CreatedOnToolsVersion = 11.5;
					};
				};
			};
			buildConfigurationList = A24610A2249CE01900C7A23A /* Build configuration list for PBXProject "Mars Weather" */;
			compatibilityVersion = "Xcode 9.3";
			developmentRegion = en;
			hasScannedForEncodings = 0;
			knownRegions = (
				en,
				Base,
			);
			mainGroup = A246109E249CE01900C7A23A;
			productRefGroup = A24610A8249CE01900C7A23A /* Products */;
			projectDirPath = "";
			projectRoot = "";
			targets = (
				A24610A6249CE01900C7A23A /* Mars Weather */,
			);
		};
/* End PBXProject section */

/* Begin PBXResourcesBuildPhase section */
		A24610A5249CE01900C7A23A /* Resources */ = {
			isa = PBXResourcesBuildPhase;
			buildActionMask = 2147483647;
			files = (
				A24610B7249CE01D00C7A23A /* LaunchScreen.storyboard in Resources */,
				A24610B4249CE01D00C7A23A /* Assets.xcassets in Resources */,
				A24610B2249CE01900C7A23A /* Main.storyboard in Resources */,
			);
			runOnlyForDeploymentPostprocessing = 0;
		};
/* End PBXResourcesBuildPhase section */

/* Begin PBXShellScriptBuildPhase section */
		0C573339E78CC71E58DEC0A8 /* [CP] Embed Pods Frameworks */ = {
			isa = PBXShellScriptBuildPhase;
			buildActionMask = 2147483647;
			files = (
			);
			inputFileListPaths = (
				"${PODS_ROOT}/Target Support Files/Pods-Mars Weather/Pods-Mars Weather-frameworks-${CONFIGURATION}-input-files.xcfilelist",
			);
			name = "[CP] Embed Pods Frameworks";
			outputFileListPaths = (
				"${PODS_ROOT}/Target Support Files/Pods-Mars Weather/Pods-Mars Weather-frameworks-${CONFIGURATION}-output-files.xcfilelist",
			);
			runOnlyForDeploymentPostprocessing = 0;
			shellPath = /bin/sh;
			shellScript = "\"${PODS_ROOT}/Target Support Files/Pods-Mars Weather/Pods-Mars Weather-frameworks.sh\"\n";
			showEnvVarsInLog = 0;
		};
		56D0FFB4EDC0C2C5F0953BC4 /* [CP] Check Pods Manifest.lock */ = {
			isa = PBXShellScriptBuildPhase;
			buildActionMask = 2147483647;
			files = (
			);
			inputFileListPaths = (
			);
			inputPaths = (
				"${PODS_PODFILE_DIR_PATH}/Podfile.lock",
				"${PODS_ROOT}/Manifest.lock",
			);
			name = "[CP] Check Pods Manifest.lock";
			outputFileListPaths = (
			);
			outputPaths = (
				"$(DERIVED_FILE_DIR)/Pods-Mars Weather-checkManifestLockResult.txt",
			);
			runOnlyForDeploymentPostprocessing = 0;
			shellPath = /bin/sh;
			shellScript = "diff \"${PODS_PODFILE_DIR_PATH}/Podfile.lock\" \"${PODS_ROOT}/Manifest.lock\" > /dev/null\nif [ $? != 0 ] ; then\n    # print error to STDERR\n    echo \"error: The sandbox is not in sync with the Podfile.lock. Run 'pod install' or update your CocoaPods installation.\" >&2\n    exit 1\nfi\n# This output is used by Xcode 'outputs' to avoid re-running this script phase.\necho \"SUCCESS\" > \"${SCRIPT_OUTPUT_FILE_0}\"\n";
			showEnvVarsInLog = 0;
		};
/* End PBXShellScriptBuildPhase section */

/* Begin PBXSourcesBuildPhase section */
		A24610A3249CE01900C7A23A /* Sources */ = {
			isa = PBXSourcesBuildPhase;
			buildActionMask = 2147483647;
			files = (
				A24610AF249CE01900C7A23A /* ViewController.swift in Sources */,
				A28DAA5F24BD660100A87609 /* ForecastViewController.swift in Sources */,
				A24610AB249CE01900C7A23A /* AppDelegate.swift in Sources */,
				A24610AD249CE01900C7A23A /* SceneDelegate.swift in Sources */,
			);
			runOnlyForDeploymentPostprocessing = 0;
		};
/* End PBXSourcesBuildPhase section */

/* Begin PBXVariantGroup section */
		A24610B0249CE01900C7A23A /* Main.storyboard */ = {
			isa = PBXVariantGroup;
			children = (
				A24610B1249CE01900C7A23A /* Base */,
			);
			name = Main.storyboard;
			sourceTree = "<group>";
		};
		A24610B5249CE01D00C7A23A /* LaunchScreen.storyboard */ = {
			isa = PBXVariantGroup;
			children = (
				A24610B6249CE01D00C7A23A /* Base */,
			);
			name = LaunchScreen.storyboard;
			sourceTree = "<group>";
		};
/* End PBXVariantGroup section */

/* Begin XCBuildConfiguration section */
		A24610B9249CE01D00C7A23A /* Debug */ = {
			isa = XCBuildConfiguration;
			buildSettings = {
				ALWAYS_SEARCH_USER_PATHS = NO;
				CLANG_ANALYZER_NONNULL = YES;
				CLANG_ANALYZER_NUMBER_OBJECT_CONVERSION = YES_AGGRESSIVE;
				CLANG_CXX_LANGUAGE_STANDARD = "gnu++14";
				CLANG_CXX_LIBRARY = "libc++";
				CLANG_ENABLE_MODULES = YES;
				CLANG_ENABLE_OBJC_ARC = YES;
				CLANG_ENABLE_OBJC_WEAK = YES;
				CLANG_WARN_BLOCK_CAPTURE_AUTORELEASING = YES;
				CLANG_WARN_BOOL_CONVERSION = YES;
				CLANG_WARN_COMMA = YES;
				CLANG_WARN_CONSTANT_CONVERSION = YES;
				CLANG_WARN_DEPRECATED_OBJC_IMPLEMENTATIONS = YES;
				CLANG_WARN_DIRECT_OBJC_ISA_USAGE = YES_ERROR;
				CLANG_WARN_DOCUMENTATION_COMMENTS = YES;
				CLANG_WARN_EMPTY_BODY = YES;
				CLANG_WARN_ENUM_CONVERSION = YES;
				CLANG_WARN_INFINITE_RECURSION = YES;
				CLANG_WARN_INT_CONVERSION = YES;
				CLANG_WARN_NON_LITERAL_NULL_CONVERSION = YES;
				CLANG_WARN_OBJC_IMPLICIT_RETAIN_SELF = YES;
				CLANG_WARN_OBJC_LITERAL_CONVERSION = YES;
				CLANG_WARN_OBJC_ROOT_CLASS = YES_ERROR;
				CLANG_WARN_RANGE_LOOP_ANALYSIS = YES;
				CLANG_WARN_STRICT_PROTOTYPES = YES;
				CLANG_WARN_SUSPICIOUS_MOVE = YES;
				CLANG_WARN_UNGUARDED_AVAILABILITY = YES_AGGRESSIVE;
				CLANG_WARN_UNREACHABLE_CODE = YES;
				CLANG_WARN__DUPLICATE_METHOD_MATCH = YES;
				COPY_PHASE_STRIP = NO;
				DEBUG_INFORMATION_FORMAT = dwarf;
				ENABLE_STRICT_OBJC_MSGSEND = YES;
				ENABLE_TESTABILITY = YES;
				GCC_C_LANGUAGE_STANDARD = gnu11;
				GCC_DYNAMIC_NO_PIC = NO;
				GCC_NO_COMMON_BLOCKS = YES;
				GCC_OPTIMIZATION_LEVEL = 0;
				GCC_PREPROCESSOR_DEFINITIONS = (
					"DEBUG=1",
					"$(inherited)",
				);
				GCC_WARN_64_TO_32_BIT_CONVERSION = YES;
				GCC_WARN_ABOUT_RETURN_TYPE = YES_ERROR;
				GCC_WARN_UNDECLARED_SELECTOR = YES;
				GCC_WARN_UNINITIALIZED_AUTOS = YES_AGGRESSIVE;
				GCC_WARN_UNUSED_FUNCTION = YES;
				GCC_WARN_UNUSED_VARIABLE = YES;
				IPHONEOS_DEPLOYMENT_TARGET = 13.0;
				MTL_ENABLE_DEBUG_INFO = INCLUDE_SOURCE;
				MTL_FAST_MATH = YES;
				ONLY_ACTIVE_ARCH = YES;
				SDKROOT = iphoneos;
				SWIFT_ACTIVE_COMPILATION_CONDITIONS = DEBUG;
				SWIFT_OPTIMIZATION_LEVEL = "-Onone";
			};
			name = Debug;
		};
		A24610BA249CE01D00C7A23A /* Release */ = {
			isa = XCBuildConfiguration;
			buildSettings = {
				ALWAYS_SEARCH_USER_PATHS = NO;
				CLANG_ANALYZER_NONNULL = YES;
				CLANG_ANALYZER_NUMBER_OBJECT_CONVERSION = YES_AGGRESSIVE;
				CLANG_CXX_LANGUAGE_STANDARD = "gnu++14";
				CLANG_CXX_LIBRARY = "libc++";
				CLANG_ENABLE_MODULES = YES;
				CLANG_ENABLE_OBJC_ARC = YES;
				CLANG_ENABLE_OBJC_WEAK = YES;
				CLANG_WARN_BLOCK_CAPTURE_AUTORELEASING = YES;
				CLANG_WARN_BOOL_CONVERSION = YES;
				CLANG_WARN_COMMA = YES;
				CLANG_WARN_CONSTANT_CONVERSION = YES;
				CLANG_WARN_DEPRECATED_OBJC_IMPLEMENTATIONS = YES;
				CLANG_WARN_DIRECT_OBJC_ISA_USAGE = YES_ERROR;
				CLANG_WARN_DOCUMENTATION_COMMENTS = YES;
				CLANG_WARN_EMPTY_BODY = YES;
				CLANG_WARN_ENUM_CONVERSION = YES;
				CLANG_WARN_INFINITE_RECURSION = YES;
				CLANG_WARN_INT_CONVERSION = YES;
				CLANG_WARN_NON_LITERAL_NULL_CONVERSION = YES;
				CLANG_WARN_OBJC_IMPLICIT_RETAIN_SELF = YES;
				CLANG_WARN_OBJC_LITERAL_CONVERSION = YES;
				CLANG_WARN_OBJC_ROOT_CLASS = YES_ERROR;
				CLANG_WARN_RANGE_LOOP_ANALYSIS = YES;
				CLANG_WARN_STRICT_PROTOTYPES = YES;
				CLANG_WARN_SUSPICIOUS_MOVE = YES;
				CLANG_WARN_UNGUARDED_AVAILABILITY = YES_AGGRESSIVE;
				CLANG_WARN_UNREACHABLE_CODE = YES;
				CLANG_WARN__DUPLICATE_METHOD_MATCH = YES;
				COPY_PHASE_STRIP = NO;
				DEBUG_INFORMATION_FORMAT = "dwarf-with-dsym";
				ENABLE_NS_ASSERTIONS = NO;
				ENABLE_STRICT_OBJC_MSGSEND = YES;
				GCC_C_LANGUAGE_STANDARD = gnu11;
				GCC_NO_COMMON_BLOCKS = YES;
				GCC_WARN_64_TO_32_BIT_CONVERSION = YES;
				GCC_WARN_ABOUT_RETURN_TYPE = YES_ERROR;
				GCC_WARN_UNDECLARED_SELECTOR = YES;
				GCC_WARN_UNINITIALIZED_AUTOS = YES_AGGRESSIVE;
				GCC_WARN_UNUSED_FUNCTION = YES;
				GCC_WARN_UNUSED_VARIABLE = YES;
				IPHONEOS_DEPLOYMENT_TARGET = 13.0;
				MTL_ENABLE_DEBUG_INFO = NO;
				MTL_FAST_MATH = YES;
				SDKROOT = iphoneos;
				SWIFT_COMPILATION_MODE = wholemodule;
				SWIFT_OPTIMIZATION_LEVEL = "-O";
				VALIDATE_PRODUCT = YES;
			};
			name = Release;
		};
		A24610BC249CE01D00C7A23A /* Debug */ = {
			isa = XCBuildConfiguration;
			baseConfigurationReference = 63272486F191A709BDC847DF /* Pods-Mars Weather.debug.xcconfig */;
			buildSettings = {
				ASSETCATALOG_COMPILER_APPICON_NAME = AppIcon;
				CODE_SIGN_STYLE = Automatic;
				DEVELOPMENT_TEAM = F8BNFS2A55;
				INFOPLIST_FILE = "Mars Weather/Info.plist";
				LD_RUNPATH_SEARCH_PATHS = (
					"$(inherited)",
					"@executable_path/Frameworks",
				);
				MARKETING_VERSION = 1.1;
				PRODUCT_BUNDLE_IDENTIFIER = com.lukegerschwitz.MarsWeather;
				PRODUCT_NAME = "$(TARGET_NAME)";
				SWIFT_VERSION = 5.0;
				TARGETED_DEVICE_FAMILY = "1,2";
			};
			name = Debug;
		};
		A24610BD249CE01D00C7A23A /* Release */ = {
			isa = XCBuildConfiguration;
			baseConfigurationReference = E7F750C376D24BB1FDEB6D3A /* Pods-Mars Weather.release.xcconfig */;
			buildSettings = {
				ASSETCATALOG_COMPILER_APPICON_NAME = AppIcon;
				CODE_SIGN_STYLE = Automatic;
				DEVELOPMENT_TEAM = F8BNFS2A55;
				INFOPLIST_FILE = "Mars Weather/Info.plist";
				LD_RUNPATH_SEARCH_PATHS = (
					"$(inherited)",
					"@executable_path/Frameworks",
				);
				MARKETING_VERSION = 1.1;
				PRODUCT_BUNDLE_IDENTIFIER = com.lukegerschwitz.MarsWeather;
				PRODUCT_NAME = "$(TARGET_NAME)";
				SWIFT_VERSION = 5.0;
				TARGETED_DEVICE_FAMILY = "1,2";
			};
			name = Release;
		};
/* End XCBuildConfiguration section */

/* Begin XCConfigurationList section */
		A24610A2249CE01900C7A23A /* Build configuration list for PBXProject "Mars Weather" */ = {
			isa = XCConfigurationList;
			buildConfigurations = (
				A24610B9249CE01D00C7A23A /* Debug */,
				A24610BA249CE01D00C7A23A /* Release */,
			);
			defaultConfigurationIsVisible = 0;
			defaultConfigurationName = Release;
		};
		A24610BB249CE01D00C7A23A /* Build configuration list for PBXNativeTarget "Mars Weather" */ = {
			isa = XCConfigurationList;
			buildConfigurations = (
				A24610BC249CE01D00C7A23A /* Debug */,
				A24610BD249CE01D00C7A23A /* Release */,
			);
			defaultConfigurationIsVisible = 0;
			defaultConfigurationName = Release;
		};
/* End XCConfigurationList section */
	};
	rootObject = A246109F249CE01900C7A23A /* Project object */;
}
